
Microsoft Visual Studio Solution File, Format Version 12.00
# Visual Studio Version 17
VisualStudioVersion = 17.3.32922.545
MinimumVisualStudioVersion = 10.0.40219.1
Project("{FAE04EC0-301F-11D3-BF4B-00C04F79EFBC}") = "BulkyBookWeb", "BulkyBookWeb\BulkyBookWeb.csproj", "{7E372CC8-AC1B-41F2-BAEE-451DBE4CC787}"
EndProject
Global
	GlobalSection(SolutionConfigurationPlatforms) = preSolution
		Debug|Any CPU = Debug|Any CPU
		Release|Any CPU = Release|Any CPU
	EndGlobalSection
	GlobalSection(ProjectConfigurationPlatforms) = postSolution
		{7E372CC8-AC1B-41F2-BAEE-451DBE4CC787}.Debug|Any CPU.ActiveCfg = Debug|Any CPU
		{7E372CC8-AC1B-41F2-BAEE-451DBE4CC787}.Debug|Any CPU.Build.0 = Debug|Any CPU
		{7E372CC8-AC1B-41F2-BAEE-451DBE4CC787}.Release|Any CPU.ActiveCfg = Release|Any CPU
		{7E372CC8-AC1B-41F2-BAEE-451DBE4CC787}.Release|Any CPU.Build.0 = Release|Any CPU
	EndGlobalSection
	GlobalSection(SolutionProperties) = preSolution
		HideSolutionNode = FALSE
	EndGlobalSection
	GlobalSection(ExtensibilityGlobals) = postSolution
		SolutionGuid = {39EBFDC3-A912-4AD0-B1EA-A4CD96CEEA7D}
	EndGlobalSection
EndGlobal
