
Microsoft Visual Studio Solution File, Format Version 12.00
# Visual Studio Version 17
VisualStudioVersion = 17.3.32922.545
MinimumVisualStudioVersion = 10.0.40219.1
Project("{9A19103F-16F7-4668-BE54-9A1E7A4F7556}") = "BulkyBookWeb", "BulkyBookWeb\BulkyBookWeb.csproj", "{7E372CC8-AC1B-41F2-BAEE-451DBE4CC787}"
EndProject
Project("{FAE04EC0-301F-11D3-BF4B-00C04F79EFBC}") = "BulkuBook.DataAccess", "BulkuBook.DataAccess\BulkuBook.DataAccess.csproj", "{27E81F97-0010-4A42-82CD-489BA7E26563}"
EndProject
Project("{FAE04EC0-301F-11D3-BF4B-00C04F79EFBC}") = "BulkyBook.Models", "BulkyBook.Models\BulkyBook.Models.csproj", "{2C8F64C0-B0FC-4E97-B3C1-DC6B7CE2B58D}"
EndProject
Project("{FAE04EC0-301F-11D3-BF4B-00C04F79EFBC}") = "BulkyBook.Utility", "BulkyBook.Utility\BulkyBook.Utility.csproj", "{73BADF88-DC0A-486D-B075-99E4FA8C97F7}"
EndProject
Global
	GlobalSection(SolutionConfigurationPlatforms) = preSolution
		Debug|Any CPU = Debug|Any CPU
		Release|Any CPU = Release|Any CPU
	EndGlobalSection
	GlobalSection(ProjectConfigurationPlatforms) = postSolution
		{7E372CC8-AC1B-41F2-BAEE-451DBE4CC787}.Debug|Any CPU.ActiveCfg = Debug|Any CPU
		{7E372CC8-AC1B-41F2-BAEE-451DBE4CC787}.Debug|Any CPU.Build.0 = Debug|Any CPU
		{7E372CC8-AC1B-41F2-BAEE-451DBE4CC787}.Release|Any CPU.ActiveCfg = Release|Any CPU
		{7E372CC8-AC1B-41F2-BAEE-451DBE4CC787}.Release|Any CPU.Build.0 = Release|Any CPU
		{27E81F97-0010-4A42-82CD-489BA7E26563}.Debug|Any CPU.ActiveCfg = Debug|Any CPU
		{27E81F97-0010-4A42-82CD-489BA7E26563}.Debug|Any CPU.Build.0 = Debug|Any CPU
		{27E81F97-0010-4A42-82CD-489BA7E26563}.Release|Any CPU.ActiveCfg = Release|Any CPU
		{27E81F97-0010-4A42-82CD-489BA7E26563}.Release|Any CPU.Build.0 = Release|Any CPU
		{2C8F64C0-B0FC-4E97-B3C1-DC6B7CE2B58D}.Debug|Any CPU.ActiveCfg = Debug|Any CPU
		{2C8F64C0-B0FC-4E97-B3C1-DC6B7CE2B58D}.Debug|Any CPU.Build.0 = Debug|Any CPU
		{2C8F64C0-B0FC-4E97-B3C1-DC6B7CE2B58D}.Release|Any CPU.ActiveCfg = Release|Any CPU
		{2C8F64C0-B0FC-4E97-B3C1-DC6B7CE2B58D}.Release|Any CPU.Build.0 = Release|Any CPU
		{73BADF88-DC0A-486D-B075-99E4FA8C97F7}.Debug|Any CPU.ActiveCfg = Debug|Any CPU
		{73BADF88-DC0A-486D-B075-99E4FA8C97F7}.Debug|Any CPU.Build.0 = Debug|Any CPU
		{73BADF88-DC0A-486D-B075-99E4FA8C97F7}.Release|Any CPU.ActiveCfg = Release|Any CPU
		{73BADF88-DC0A-486D-B075-99E4FA8C97F7}.Release|Any CPU.Build.0 = Release|Any CPU
	EndGlobalSection
	GlobalSection(SolutionProperties) = preSolution
		HideSolutionNode = FALSE
	EndGlobalSection
	GlobalSection(ExtensibilityGlobals) = postSolution
		SolutionGuid = {39EBFDC3-A912-4AD0-B1EA-A4CD96CEEA7D}
	EndGlobalSection
EndGlobal
